{
  "requires": true,
  "lockfileVersion": 1,
  "dependencies": {
    "bower": {
      "version": "1.8.4",
      "resolved": "http://registry.npm.taobao.org/bower/download/bower-1.8.4.tgz"
    },
    "layui-src": {
      "version": "2.2.5",
      "resolved": "https://registry.npmjs.org/layui-src/-/layui-src-2.2.5.tgz",
      "integrity": "sha512-+aHWFUVc8IZ0RX6bC2x2zFX9W+1JyD7OGd/fRqE1UM2DWQ3on7aQX0IvCZyciJ0agTiYQQaSrA/NC+WY+d8m5g=="
    }
  }
}
